# THIS IS AN AUTOGENERATED FILE. DO NOT EDIT THIS FILE DIRECTLY.
# yarn lockfile v1


debug@*:
  version "3.0.1"
  resolved "https://registry.yarnpkg.com/debug/-/debug-3.0.1.tgz#0564c612b521dc92d9f2988f0549e34f9c98db64"
  dependencies:
    ms "2.0.0"

get-json@^1.0.0:
  version "1.0.0"
  resolved "https://registry.yarnpkg.com/get-json/-/get-json-1.0.0.tgz#ffb61dd732d261305ccbb53002e4f57624df5727"
  dependencies:
    is-node "0.0.0"
    jsonp "0.0.4"
    phin "^2.2.6"

is-node@0.0.0:
  version "0.0.0"
  resolved "https://registry.yarnpkg.com/is-node/-/is-node-0.0.0.tgz#87dd650b87fb6a39c50caafee0e9f6835ec15e41"

jsonp@0.0.4:
  version "0.0.4"
  resolved "https://registry.yarnpkg.com/jsonp/-/jsonp-0.0.4.tgz#94665a4b771aabecb8aac84135b99594756918bd"
  dependencies:
    debug "*"

ms@2.0.0:
  version "2.0.0"
  resolved "https://registry.yarnpkg.com/ms/-/ms-2.0.0.tgz#5608aeadfc00be6c2901df5f9861788de0d597c8"

phin@^2.2.6:
  version "2.4.18"
  resolved "https://registry.yarnpkg.com/phin/-/phin-2.4.18.tgz#1a517cb4b93cf74232745159bce69421aac584d0"
