# THIS IS AN AUTOGENERATED FILE. DO NOT EDIT THIS FILE DIRECTLY.
# yarn lockfile v1


bmp-js@^0.0.3:
  version "0.0.3"
  resolved "https://registry.yarnpkg.com/bmp-js/-/bmp-js-0.0.3.tgz#64113e9c7cf1202b376ed607bf30626ebe57b18a"

canvas@^2.0.0-alpha.6:
  version "2.0.0-alpha.6"
  resolved "https://registry.yarnpkg.com/canvas/-/canvas-2.0.0-alpha.6.tgz#5538c4d3bb3fffcd23c8e0bf2770c9f5b07b543e"
  dependencies:
    nan "^2.4.0"

chinese-conv@^1.0.1:
  version "1.0.1"
  resolved "https://registry.yarnpkg.com/chinese-conv/-/chinese-conv-1.0.1.tgz#c29edcaecf69c2490de86e5d268af71ae2f93051"

iconv-lite@^0.4.19:
  version "0.4.19"
  resolved "https://registry.yarnpkg.com/iconv-lite/-/iconv-lite-0.4.19.tgz#f7468f60135f5e5dad3399c0a81be9a1603a082b"

nan@^2.4.0:
  version "2.7.0"
  resolved "https://registry.yarnpkg.com/nan/-/nan-2.7.0.tgz#d95bf721ec877e08db276ed3fc6eb78f9083ad46"
